// !$*UTF8*$!
{
	archiveVersion = 1;
	classes = {
	};
	objectVersion = 46;
	objects = {

/* Begin PBXBuildFile section */
		75FFBDB01CE1C9BD00004DCC /* main.swift in Sources */ = {isa = PBXBuildFile; fileRef = 75FFBDAF1CE1C9BD00004DCC /* main.swift */; };
		75FFBDB71CE1C9E400004DCC /* QYPerson.swift in Sources */ = {isa = PBXBuildFile; fileRef = 75FFBDB61CE1C9E400004DCC /* QYPerson.swift */; };
		75FFBDB91CE1CDBF00004DCC /* QYApartment.swift in Sources */ = {isa = PBXBuildFile; fileRef = 75FFBDB81CE1CDBF00004DCC /* QYApartment.swift */; };
		75FFBDBB1CE1CFB400004DCC /* QYCustomer.swift in Sources */ = {isa = PBXBuildFile; fileRef = 75FFBDBA1CE1CFB400004DCC /* QYCustomer.swift */; };
		75FFBDBD1CE1CFF800004DCC /* QYCreditCard.swift in Sources */ = {isa = PBXBuildFile; fileRef = 75FFBDBC1CE1CFF800004DCC /* QYCreditCard.swift */; };
		75FFBDBF1CE1D1EA00004DCC /* QYCity.swift in Sources */ = {isa = PBXBuildFile; fileRef = 75FFBDBE1CE1D1EA00004DCC /* QYCity.swift */; };
		75FFBDC11CE1D20800004DCC /* QYCountry.swift in Sources */ = {isa = PBXBuildFile; fileRef = 75FFBDC01CE1D20800004DCC /* QYCountry.swift */; };
		75FFBDC31CE1DA4000004DCC /* QYStudent.swift in Sources */ = {isa = PBXBuildFile; fileRef = 75FFBDC21CE1DA4000004DCC /* QYStudent.swift */; };
/* End PBXBuildFile section */

/* Begin PBXCopyFilesBuildPhase section */
		75FFBDAA1CE1C9BD00004DCC /* CopyFiles */ = {
			isa = PBXCopyFilesBuildPhase;
			buildActionMask = 2147483647;
			dstPath = /usr/share/man/man1/;
			dstSubfolderSpec = 0;
			files = (
			);
			runOnlyForDeploymentPostprocessing = 1;
		};
/* End PBXCopyFilesBuildPhase section */

/* Begin PBXFileReference section */
		75FFBDAC1CE1C9BD00004DCC /* 06-ARC */ = {isa = PBXFileReference; explicitFileType = "compiled.mach-o.executable"; includeInIndex = 0; path = "06-ARC"; sourceTree = BUILT_PRODUCTS_DIR; };
		75FFBDAF1CE1C9BD00004DCC /* main.swift */ = {isa = PBXFileReference; lastKnownFileType = sourcecode.swift; path = main.swift; sourceTree = "<group>"; };
		75FFBDB61CE1C9E400004DCC /* QYPerson.swift */ = {isa = PBXFileReference; fileEncoding = 4; lastKnownFileType = sourcecode.swift; path = QYPerson.swift; sourceTree = "<group>"; };
		75FFBDB81CE1CDBF00004DCC /* QYApartment.swift */ = {isa = PBXFileReference; fileEncoding = 4; lastKnownFileType = sourcecode.swift; path = QYApartment.swift; sourceTree = "<group>"; };
		75FFBDBA1CE1CFB400004DCC /* QYCustomer.swift */ = {isa = PBXFileReference; fileEncoding = 4; lastKnownFileType = sourcecode.swift; path = QYCustomer.swift; sourceTree = "<group>"; };
		75FFBDBC1CE1CFF800004DCC /* QYCreditCard.swift */ = {isa = PBXFileReference; fileEncoding = 4; lastKnownFileType = sourcecode.swift; path = QYCreditCard.swift; sourceTree = "<group>"; };
		75FFBDBE1CE1D1EA00004DCC /* QYCity.swift */ = {isa = PBXFileReference; fileEncoding = 4; lastKnownFileType = sourcecode.swift; path = QYCity.swift; sourceTree = "<group>"; };
		75FFBDC01CE1D20800004DCC /* QYCountry.swift */ = {isa = PBXFileReference; fileEncoding = 4; lastKnownFileType = sourcecode.swift; path = QYCountry.swift; sourceTree = "<group>"; };
		75FFBDC21CE1DA4000004DCC /* QYStudent.swift */ = {isa = PBXFileReference; fileEncoding = 4; lastKnownFileType = sourcecode.swift; path = QYStudent.swift; sourceTree = "<group>"; };
/* End PBXFileReference section */

/* Begin PBXFrameworksBuildPhase section */
		75FFBDA91CE1C9BD00004DCC /* Frameworks */ = {
			isa = PBXFrameworksBuildPhase;
			buildActionMask = 2147483647;
			files = (
			);
			runOnlyForDeploymentPostprocessing = 0;
		};
/* End PBXFrameworksBuildPhase section */

/* Begin PBXGroup section */
		75FFBDA31CE1C9BD00004DCC = {
			isa = PBXGroup;
			children = (
				75FFBDAE1CE1C9BD00004DCC /* 06-ARC */,
				75FFBDAD1CE1C9BD00004DCC /* Products */,
			);
			sourceTree = "<group>";
		};
		75FFBDAD1CE1C9BD00004DCC /* Products */ = {
			isa = PBXGroup;
			children = (
				75FFBDAC1CE1C9BD00004DCC /* 06-ARC */,
			);
			name = Products;
			sourceTree = "<group>";
		};
		75FFBDAE1CE1C9BD00004DCC /* 06-ARC */ = {
			isa = PBXGroup;
			children = (
				75FFBDAF1CE1C9BD00004DCC /* main.swift */,
				75FFBDB61CE1C9E400004DCC /* QYPerson.swift */,
				75FFBDB81CE1CDBF00004DCC /* QYApartment.swift */,
				75FFBDBA1CE1CFB400004DCC /* QYCustomer.swift */,
				75FFBDBC1CE1CFF800004DCC /* QYCreditCard.swift */,
				75FFBDBE1CE1D1EA00004DCC /* QYCity.swift */,
				75FFBDC01CE1D20800004DCC /* QYCountry.swift */,
				75FFBDC21CE1DA4000004DCC /* QYStudent.swift */,
			);
			path = "06-ARC";
			sourceTree = "<group>";
		};
/* End PBXGroup section */

/* Begin PBXNativeTarget section */
		75FFBDAB1CE1C9BD00004DCC /* 06-ARC */ = {
			isa = PBXNativeTarget;
			buildConfigurationList = 75FFBDB31CE1C9BD00004DCC /* Build configuration list for PBXNativeTarget "06-ARC" */;
			buildPhases = (
				75FFBDA81CE1C9BD00004DCC /* Sources */,
				75FFBDA91CE1C9BD00004DCC /* Frameworks */,
				75FFBDAA1CE1C9BD00004DCC /* CopyFiles */,
			);
			buildRules = (
			);
			dependencies = (
			);
			name = "06-ARC";
			productName = "06-ARC";
			productReference = 75FFBDAC1CE1C9BD00004DCC /* 06-ARC */;
			productType = "com.apple.product-type.tool";
		};
/* End PBXNativeTarget section */

/* Begin PBXProject section */
		75FFBDA41CE1C9BD00004DCC /* Project object */ = {
			isa = PBXProject;
			attributes = {
				LastSwiftUpdateCheck = 0720;
				LastUpgradeCheck = 0720;
				ORGANIZATIONNAME = "河南青云信息技术有限公司";
				TargetAttributes = {
					75FFBDAB1CE1C9BD00004DCC = {
						CreatedOnToolsVersion = 7.2;
					};
				};
			};
			buildConfigurationList = 75FFBDA71CE1C9BD00004DCC /* Build configuration list for PBXProject "06-ARC" */;
			compatibilityVersion = "Xcode 3.2";
			developmentRegion = English;
			hasScannedForEncodings = 0;
			knownRegions = (
				en,
			);
			mainGroup = 75FFBDA31CE1C9BD00004DCC;
			productRefGroup = 75FFBDAD1CE1C9BD00004DCC /* Products */;
			projectDirPath = "";
			projectRoot = "";
			targets = (
				75FFBDAB1CE1C9BD00004DCC /* 06-ARC */,
			);
		};
/* End PBXProject section */

/* Begin PBXSourcesBuildPhase section */
		75FFBDA81CE1C9BD00004DCC /* Sources */ = {
			isa = PBXSourcesBuildPhase;
			buildActionMask = 2147483647;
			files = (
				75FFBDB91CE1CDBF00004DCC /* QYApartment.swift in Sources */,
				75FFBDB71CE1C9E400004DCC /* QYPerson.swift in Sources */,
				75FFBDBF1CE1D1EA00004DCC /* QYCity.swift in Sources */,
				75FFBDC31CE1DA4000004DCC /* QYStudent.swift in Sources */,
				75FFBDC11CE1D20800004DCC /* QYCountry.swift in Sources */,
				75FFBDB01CE1C9BD00004DCC /* main.swift in Sources */,
				75FFBDBB1CE1CFB400004DCC /* QYCustomer.swift in Sources */,
				75FFBDBD1CE1CFF800004DCC /* QYCreditCard.swift in Sources */,
			);
			runOnlyForDeploymentPostprocessing = 0;
		};
/* End PBXSourcesBuildPhase section */

/* Begin XCBuildConfiguration section */
		75FFBDB11CE1C9BD00004DCC /* Debug */ = {
			isa = XCBuildConfiguration;
			buildSettings = {
				ALWAYS_SEARCH_USER_PATHS = NO;
				CLANG_CXX_LANGUAGE_STANDARD = "gnu++0x";
				CLANG_CXX_LIBRARY = "libc++";
				CLANG_ENABLE_MODULES = YES;
				CLANG_ENABLE_OBJC_ARC = YES;
				CLANG_WARN_BOOL_CONVERSION = YES;
				CLANG_WARN_CONSTANT_CONVERSION = YES;
				CLANG_WARN_DIRECT_OBJC_ISA_USAGE = YES_ERROR;
				CLANG_WARN_EMPTY_BODY = YES;
				CLANG_WARN_ENUM_CONVERSION = YES;
				CLANG_WARN_INT_CONVERSION = YES;
				CLANG_WARN_OBJC_ROOT_CLASS = YES_ERROR;
				CLANG_WARN_UNREACHABLE_CODE = YES;
				CLANG_WARN__DUPLICATE_METHOD_MATCH = YES;
				CODE_SIGN_IDENTITY = "-";
				COPY_PHASE_STRIP = NO;
				DEBUG_INFORMATION_FORMAT = dwarf;
				ENABLE_STRICT_OBJC_MSGSEND = YES;
				ENABLE_TESTABILITY = YES;
				GCC_C_LANGUAGE_STANDARD = gnu99;
				GCC_DYNAMIC_NO_PIC = NO;
				GCC_NO_COMMON_BLOCKS = YES;
				GCC_OPTIMIZATION_LEVEL = 0;
				GCC_PREPROCESSOR_DEFINITIONS = (
					"DEBUG=1",
					"$(inherited)",
				);
				GCC_WARN_64_TO_32_BIT_CONVERSION = YES;
				GCC_WARN_ABOUT_RETURN_TYPE = YES_ERROR;
				GCC_WARN_UNDECLARED_SELECTOR = YES;
				GCC_WARN_UNINITIALIZED_AUTOS = YES_AGGRESSIVE;
				GCC_WARN_UNUSED_FUNCTION = YES;
				GCC_WARN_UNUSED_VARIABLE = YES;
				MACOSX_DEPLOYMENT_TARGET = 10.11;
				MTL_ENABLE_DEBUG_INFO = YES;
				ONLY_ACTIVE_ARCH = YES;
				SDKROOT = macosx;
				SWIFT_OPTIMIZATION_LEVEL = "-Onone";
			};
			name = Debug;
		};
		75FFBDB21CE1C9BD00004DCC /* Release */ = {
			isa = XCBuildConfiguration;
			buildSettings = {
				ALWAYS_SEARCH_USER_PATHS = NO;
				CLANG_CXX_LANGUAGE_STANDARD = "gnu++0x";
				CLANG_CXX_LIBRARY = "libc++";
				CLANG_ENABLE_MODULES = YES;
				CLANG_ENABLE_OBJC_ARC = YES;
				CLANG_WARN_BOOL_CONVERSION = YES;
				CLANG_WARN_CONSTANT_CONVERSION = YES;
				CLANG_WARN_DIRECT_OBJC_ISA_USAGE = YES_ERROR;
				CLANG_WARN_EMPTY_BODY = YES;
				CLANG_WARN_ENUM_CONVERSION = YES;
				CLANG_WARN_INT_CONVERSION = YES;
				CLANG_WARN_OBJC_ROOT_CLASS = YES_ERROR;
				CLANG_WARN_UNREACHABLE_CODE = YES;
				CLANG_WARN__DUPLICATE_METHOD_MATCH = YES;
				CODE_SIGN_IDENTITY = "-";
				COPY_PHASE_STRIP = NO;
				DEBUG_INFORMATION_FORMAT = "dwarf-with-dsym";
				ENABLE_NS_ASSERTIONS = NO;
				ENABLE_STRICT_OBJC_MSGSEND = YES;
				GCC_C_LANGUAGE_STANDARD = gnu99;
				GCC_NO_COMMON_BLOCKS = YES;
				GCC_WARN_64_TO_32_BIT_CONVERSION = YES;
				GCC_WARN_ABOUT_RETURN_TYPE = YES_ERROR;
				GCC_WARN_UNDECLARED_SELECTOR = YES;
				GCC_WARN_UNINITIALIZED_AUTOS = YES_AGGRESSIVE;
				GCC_WARN_UNUSED_FUNCTION = YES;
				GCC_WARN_UNUSED_VARIABLE = YES;
				MACOSX_DEPLOYMENT_TARGET = 10.11;
				MTL_ENABLE_DEBUG_INFO = NO;
				SDKROOT = macosx;
			};
			name = Release;
		};
		75FFBDB41CE1C9BD00004DCC /* Debug */ = {
			isa = XCBuildConfiguration;
			buildSettings = {
				PRODUCT_NAME = "$(TARGET_NAME)";
			};
			name = Debug;
		};
		75FFBDB51CE1C9BD00004DCC /* Release */ = {
			isa = XCBuildConfiguration;
			buildSettings = {
				PRODUCT_NAME = "$(TARGET_NAME)";
			};
			name = Release;
		};
/* End XCBuildConfiguration section */

/* Begin XCConfigurationList section */
		75FFBDA71CE1C9BD00004DCC /* Build configuration list for PBXProject "06-ARC" */ = {
			isa = XCConfigurationList;
			buildConfigurations = (
				75FFBDB11CE1C9BD00004DCC /* Debug */,
				75FFBDB21CE1C9BD00004DCC /* Release */,
			);
			defaultConfigurationIsVisible = 0;
			defaultConfigurationName = Release;
		};
		75FFBDB31CE1C9BD00004DCC /* Build configuration list for PBXNativeTarget "06-ARC" */ = {
			isa = XCConfigurationList;
			buildConfigurations = (
				75FFBDB41CE1C9BD00004DCC /* Debug */,
				75FFBDB51CE1C9BD00004DCC /* Release */,
			);
			defaultConfigurationIsVisible = 0;
		};
/* End XCConfigurationList section */
	};
	rootObject = 75FFBDA41CE1C9BD00004DCC /* Project object */;
}
