// !$*UTF8*$!
{
	archiveVersion = 1;
	classes = {
	};
	objectVersion = 46;
	objects = {

/* Begin PBXBuildFile section */
		7537192E1CE561DB00741A65 /* main.swift in Sources */ = {isa = PBXBuildFile; fileRef = 7537192D1CE561DB00741A65 /* main.swift */; };
		753719351CE57CAB00741A65 /* NSDateExtension.swift in Sources */ = {isa = PBXBuildFile; fileRef = 753719341CE57CAB00741A65 /* NSDateExtension.swift */; };
/* End PBXBuildFile section */

/* Begin PBXCopyFilesBuildPhase section */
		753719281CE561DB00741A65 /* CopyFiles */ = {
			isa = PBXCopyFilesBuildPhase;
			buildActionMask = 2147483647;
			dstPath = /usr/share/man/man1/;
			dstSubfolderSpec = 0;
			files = (
			);
			runOnlyForDeploymentPostprocessing = 1;
		};
/* End PBXCopyFilesBuildPhase section */

/* Begin PBXFileReference section */
		7537192A1CE561DB00741A65 /* OC常用数据类型 */ = {isa = PBXFileReference; explicitFileType = "compiled.mach-o.executable"; includeInIndex = 0; path = "OC常用数据类型"; sourceTree = BUILT_PRODUCTS_DIR; };
		7537192D1CE561DB00741A65 /* main.swift */ = {isa = PBXFileReference; lastKnownFileType = sourcecode.swift; path = main.swift; sourceTree = "<group>"; };
		753719341CE57CAB00741A65 /* NSDateExtension.swift */ = {isa = PBXFileReference; fileEncoding = 4; lastKnownFileType = sourcecode.swift; path = NSDateExtension.swift; sourceTree = "<group>"; };
/* End PBXFileReference section */

/* Begin PBXFrameworksBuildPhase section */
		753719271CE561DB00741A65 /* Frameworks */ = {
			isa = PBXFrameworksBuildPhase;
			buildActionMask = 2147483647;
			files = (
			);
			runOnlyForDeploymentPostprocessing = 0;
		};
/* End PBXFrameworksBuildPhase section */

/* Begin PBXGroup section */
		753719211CE561DB00741A65 = {
			isa = PBXGroup;
			children = (
				7537192C1CE561DB00741A65 /* OC常用数据类型 */,
				7537192B1CE561DB00741A65 /* Products */,
			);
			sourceTree = "<group>";
		};
		7537192B1CE561DB00741A65 /* Products */ = {
			isa = PBXGroup;
			children = (
				7537192A1CE561DB00741A65 /* OC常用数据类型 */,
			);
			name = Products;
			sourceTree = "<group>";
		};
		7537192C1CE561DB00741A65 /* OC常用数据类型 */ = {
			isa = PBXGroup;
			children = (
				7537192D1CE561DB00741A65 /* main.swift */,
				753719341CE57CAB00741A65 /* NSDateExtension.swift */,
			);
			path = "OC常用数据类型";
			sourceTree = "<group>";
		};
/* End PBXGroup section */

/* Begin PBXNativeTarget section */
		753719291CE561DB00741A65 /* OC常用数据类型 */ = {
			isa = PBXNativeTarget;
			buildConfigurationList = 753719311CE561DB00741A65 /* Build configuration list for PBXNativeTarget "OC常用数据类型" */;
			buildPhases = (
				753719261CE561DB00741A65 /* Sources */,
				753719271CE561DB00741A65 /* Frameworks */,
				753719281CE561DB00741A65 /* CopyFiles */,
			);
			buildRules = (
			);
			dependencies = (
			);
			name = "OC常用数据类型";
			productName = "OC常用数据类型";
			productReference = 7537192A1CE561DB00741A65 /* OC常用数据类型 */;
			productType = "com.apple.product-type.tool";
		};
/* End PBXNativeTarget section */

/* Begin PBXProject section */
		753719221CE561DB00741A65 /* Project object */ = {
			isa = PBXProject;
			attributes = {
				LastSwiftUpdateCheck = 0720;
				LastUpgradeCheck = 0720;
				ORGANIZATIONNAME = "河南青云信息技术有限公司";
				TargetAttributes = {
					753719291CE561DB00741A65 = {
						CreatedOnToolsVersion = 7.2;
					};
				};
			};
			buildConfigurationList = 753719251CE561DB00741A65 /* Build configuration list for PBXProject "OC常用数据类型" */;
			compatibilityVersion = "Xcode 3.2";
			developmentRegion = English;
			hasScannedForEncodings = 0;
			knownRegions = (
				en,
			);
			mainGroup = 753719211CE561DB00741A65;
			productRefGroup = 7537192B1CE561DB00741A65 /* Products */;
			projectDirPath = "";
			projectRoot = "";
			targets = (
				753719291CE561DB00741A65 /* OC常用数据类型 */,
			);
		};
/* End PBXProject section */

/* Begin PBXSourcesBuildPhase section */
		753719261CE561DB00741A65 /* Sources */ = {
			isa = PBXSourcesBuildPhase;
			buildActionMask = 2147483647;
			files = (
				753719351CE57CAB00741A65 /* NSDateExtension.swift in Sources */,
				7537192E1CE561DB00741A65 /* main.swift in Sources */,
			);
			runOnlyForDeploymentPostprocessing = 0;
		};
/* End PBXSourcesBuildPhase section */

/* Begin XCBuildConfiguration section */
		7537192F1CE561DB00741A65 /* Debug */ = {
			isa = XCBuildConfiguration;
			buildSettings = {
				ALWAYS_SEARCH_USER_PATHS = NO;
				CLANG_CXX_LANGUAGE_STANDARD = "gnu++0x";
				CLANG_CXX_LIBRARY = "libc++";
				CLANG_ENABLE_MODULES = YES;
				CLANG_ENABLE_OBJC_ARC = YES;
				CLANG_WARN_BOOL_CONVERSION = YES;
				CLANG_WARN_CONSTANT_CONVERSION = YES;
				CLANG_WARN_DIRECT_OBJC_ISA_USAGE = YES_ERROR;
				CLANG_WARN_EMPTY_BODY = YES;
				CLANG_WARN_ENUM_CONVERSION = YES;
				CLANG_WARN_INT_CONVERSION = YES;
				CLANG_WARN_OBJC_ROOT_CLASS = YES_ERROR;
				CLANG_WARN_UNREACHABLE_CODE = YES;
				CLANG_WARN__DUPLICATE_METHOD_MATCH = YES;
				CODE_SIGN_IDENTITY = "-";
				COPY_PHASE_STRIP = NO;
				DEBUG_INFORMATION_FORMAT = dwarf;
				ENABLE_STRICT_OBJC_MSGSEND = YES;
				ENABLE_TESTABILITY = YES;
				GCC_C_LANGUAGE_STANDARD = gnu99;
				GCC_DYNAMIC_NO_PIC = NO;
				GCC_NO_COMMON_BLOCKS = YES;
				GCC_OPTIMIZATION_LEVEL = 0;
				GCC_PREPROCESSOR_DEFINITIONS = (
					"DEBUG=1",
					"$(inherited)",
				);
				GCC_WARN_64_TO_32_BIT_CONVERSION = YES;
				GCC_WARN_ABOUT_RETURN_TYPE = YES_ERROR;
				GCC_WARN_UNDECLARED_SELECTOR = YES;
				GCC_WARN_UNINITIALIZED_AUTOS = YES_AGGRESSIVE;
				GCC_WARN_UNUSED_FUNCTION = YES;
				GCC_WARN_UNUSED_VARIABLE = YES;
				MACOSX_DEPLOYMENT_TARGET = 10.11;
				MTL_ENABLE_DEBUG_INFO = YES;
				ONLY_ACTIVE_ARCH = YES;
				SDKROOT = macosx;
				SWIFT_OPTIMIZATION_LEVEL = "-Onone";
			};
			name = Debug;
		};
		753719301CE561DB00741A65 /* Release */ = {
			isa = XCBuildConfiguration;
			buildSettings = {
				ALWAYS_SEARCH_USER_PATHS = NO;
				CLANG_CXX_LANGUAGE_STANDARD = "gnu++0x";
				CLANG_CXX_LIBRARY = "libc++";
				CLANG_ENABLE_MODULES = YES;
				CLANG_ENABLE_OBJC_ARC = YES;
				CLANG_WARN_BOOL_CONVERSION = YES;
				CLANG_WARN_CONSTANT_CONVERSION = YES;
				CLANG_WARN_DIRECT_OBJC_ISA_USAGE = YES_ERROR;
				CLANG_WARN_EMPTY_BODY = YES;
				CLANG_WARN_ENUM_CONVERSION = YES;
				CLANG_WARN_INT_CONVERSION = YES;
				CLANG_WARN_OBJC_ROOT_CLASS = YES_ERROR;
				CLANG_WARN_UNREACHABLE_CODE = YES;
				CLANG_WARN__DUPLICATE_METHOD_MATCH = YES;
				CODE_SIGN_IDENTITY = "-";
				COPY_PHASE_STRIP = NO;
				DEBUG_INFORMATION_FORMAT = "dwarf-with-dsym";
				ENABLE_NS_ASSERTIONS = NO;
				ENABLE_STRICT_OBJC_MSGSEND = YES;
				GCC_C_LANGUAGE_STANDARD = gnu99;
				GCC_NO_COMMON_BLOCKS = YES;
				GCC_WARN_64_TO_32_BIT_CONVERSION = YES;
				GCC_WARN_ABOUT_RETURN_TYPE = YES_ERROR;
				GCC_WARN_UNDECLARED_SELECTOR = YES;
				GCC_WARN_UNINITIALIZED_AUTOS = YES_AGGRESSIVE;
				GCC_WARN_UNUSED_FUNCTION = YES;
				GCC_WARN_UNUSED_VARIABLE = YES;
				MACOSX_DEPLOYMENT_TARGET = 10.11;
				MTL_ENABLE_DEBUG_INFO = NO;
				SDKROOT = macosx;
			};
			name = Release;
		};
		753719321CE561DB00741A65 /* Debug */ = {
			isa = XCBuildConfiguration;
			buildSettings = {
				PRODUCT_NAME = "$(TARGET_NAME)";
			};
			name = Debug;
		};
		753719331CE561DB00741A65 /* Release */ = {
			isa = XCBuildConfiguration;
			buildSettings = {
				PRODUCT_NAME = "$(TARGET_NAME)";
			};
			name = Release;
		};
/* End XCBuildConfiguration section */

/* Begin XCConfigurationList section */
		753719251CE561DB00741A65 /* Build configuration list for PBXProject "OC常用数据类型" */ = {
			isa = XCConfigurationList;
			buildConfigurations = (
				7537192F1CE561DB00741A65 /* Debug */,
				753719301CE561DB00741A65 /* Release */,
			);
			defaultConfigurationIsVisible = 0;
			defaultConfigurationName = Release;
		};
		753719311CE561DB00741A65 /* Build configuration list for PBXNativeTarget "OC常用数据类型" */ = {
			isa = XCConfigurationList;
			buildConfigurations = (
				753719321CE561DB00741A65 /* Debug */,
				753719331CE561DB00741A65 /* Release */,
			);
			defaultConfigurationIsVisible = 0;
		};
/* End XCConfigurationList section */
	};
	rootObject = 753719221CE561DB00741A65 /* Project object */;
}
