// !$*UTF8*$!
{
	archiveVersion = 1;
	classes = {
	};
	objectVersion = 46;
	objects = {

/* Begin PBXBuildFile section */
		CC73905D1CCF547900A61F45 /* AppDelegate.swift in Sources */ = {isa = PBXBuildFile; fileRef = CC73905C1CCF547900A61F45 /* AppDelegate.swift */; };
		CC73905F1CCF547900A61F45 /* ViewController.swift in Sources */ = {isa = PBXBuildFile; fileRef = CC73905E1CCF547900A61F45 /* ViewController.swift */; };
		CC7390621CCF547900A61F45 /* Main.storyboard in Resources */ = {isa = PBXBuildFile; fileRef = CC7390601CCF547900A61F45 /* Main.storyboard */; };
		CC7390641CCF547900A61F45 /* Assets.xcassets in Resources */ = {isa = PBXBuildFile; fileRef = CC7390631CCF547900A61F45 /* Assets.xcassets */; };
		CC7390671CCF547900A61F45 /* LaunchScreen.storyboard in Resources */ = {isa = PBXBuildFile; fileRef = CC7390651CCF547900A61F45 /* LaunchScreen.storyboard */; };
		CC7390701CCF54AC00A61F45 /* RootViewController.swift in Sources */ = {isa = PBXBuildFile; fileRef = CC73906E1CCF54AB00A61F45 /* RootViewController.swift */; };
		CC7390711CCF54AC00A61F45 /* RootViewController.xib in Resources */ = {isa = PBXBuildFile; fileRef = CC73906F1CCF54AB00A61F45 /* RootViewController.xib */; };
/* End PBXBuildFile section */

/* Begin PBXFileReference section */
		CC7390591CCF547900A61F45 /* 07 使用Xib实现表格视图.app */ = {isa = PBXFileReference; explicitFileType = wrapper.application; includeInIndex = 0; path = "07 使用Xib实现表格视图.app"; sourceTree = BUILT_PRODUCTS_DIR; };
		CC73905C1CCF547900A61F45 /* AppDelegate.swift */ = {isa = PBXFileReference; lastKnownFileType = sourcecode.swift; path = AppDelegate.swift; sourceTree = "<group>"; };
		CC73905E1CCF547900A61F45 /* ViewController.swift */ = {isa = PBXFileReference; lastKnownFileType = sourcecode.swift; path = ViewController.swift; sourceTree = "<group>"; };
		CC7390611CCF547900A61F45 /* Base */ = {isa = PBXFileReference; lastKnownFileType = file.storyboard; name = Base; path = Base.lproj/Main.storyboard; sourceTree = "<group>"; };
		CC7390631CCF547900A61F45 /* Assets.xcassets */ = {isa = PBXFileReference; lastKnownFileType = folder.assetcatalog; path = Assets.xcassets; sourceTree = "<group>"; };
		CC7390661CCF547900A61F45 /* Base */ = {isa = PBXFileReference; lastKnownFileType = file.storyboard; name = Base; path = Base.lproj/LaunchScreen.storyboard; sourceTree = "<group>"; };
		CC7390681CCF547900A61F45 /* Info.plist */ = {isa = PBXFileReference; lastKnownFileType = text.plist.xml; path = Info.plist; sourceTree = "<group>"; };
		CC73906E1CCF54AB00A61F45 /* RootViewController.swift */ = {isa = PBXFileReference; fileEncoding = 4; lastKnownFileType = sourcecode.swift; path = RootViewController.swift; sourceTree = "<group>"; };
		CC73906F1CCF54AB00A61F45 /* RootViewController.xib */ = {isa = PBXFileReference; fileEncoding = 4; lastKnownFileType = file.xib; path = RootViewController.xib; sourceTree = "<group>"; };
/* End PBXFileReference section */

/* Begin PBXFrameworksBuildPhase section */
		CC7390561CCF547900A61F45 /* Frameworks */ = {
			isa = PBXFrameworksBuildPhase;
			buildActionMask = 2147483647;
			files = (
			);
			runOnlyForDeploymentPostprocessing = 0;
		};
/* End PBXFrameworksBuildPhase section */

/* Begin PBXGroup section */
		CC7390501CCF547800A61F45 = {
			isa = PBXGroup;
			children = (
				CC73905B1CCF547900A61F45 /* 07 使用Xib实现表格视图 */,
				CC73905A1CCF547900A61F45 /* Products */,
			);
			sourceTree = "<group>";
		};
		CC73905A1CCF547900A61F45 /* Products */ = {
			isa = PBXGroup;
			children = (
				CC7390591CCF547900A61F45 /* 07 使用Xib实现表格视图.app */,
			);
			name = Products;
			sourceTree = "<group>";
		};
		CC73905B1CCF547900A61F45 /* 07 使用Xib实现表格视图 */ = {
			isa = PBXGroup;
			children = (
				CC73905C1CCF547900A61F45 /* AppDelegate.swift */,
				CC73905E1CCF547900A61F45 /* ViewController.swift */,
				CC7390601CCF547900A61F45 /* Main.storyboard */,
				CC7390631CCF547900A61F45 /* Assets.xcassets */,
				CC7390651CCF547900A61F45 /* LaunchScreen.storyboard */,
				CC7390681CCF547900A61F45 /* Info.plist */,
				CC73906E1CCF54AB00A61F45 /* RootViewController.swift */,
				CC73906F1CCF54AB00A61F45 /* RootViewController.xib */,
			);
			path = "07 使用Xib实现表格视图";
			sourceTree = "<group>";
		};
/* End PBXGroup section */

/* Begin PBXNativeTarget section */
		CC7390581CCF547900A61F45 /* 07 使用Xib实现表格视图 */ = {
			isa = PBXNativeTarget;
			buildConfigurationList = CC73906B1CCF547900A61F45 /* Build configuration list for PBXNativeTarget "07 使用Xib实现表格视图" */;
			buildPhases = (
				CC7390551CCF547900A61F45 /* Sources */,
				CC7390561CCF547900A61F45 /* Frameworks */,
				CC7390571CCF547900A61F45 /* Resources */,
			);
			buildRules = (
			);
			dependencies = (
			);
			name = "07 使用Xib实现表格视图";
			productName = "07 使用Xib实现表格视图";
			productReference = CC7390591CCF547900A61F45 /* 07 使用Xib实现表格视图.app */;
			productType = "com.apple.product-type.application";
		};
/* End PBXNativeTarget section */

/* Begin PBXProject section */
		CC7390511CCF547900A61F45 /* Project object */ = {
			isa = PBXProject;
			attributes = {
				LastSwiftUpdateCheck = 0730;
				LastUpgradeCheck = 0730;
				ORGANIZATIONNAME = hnqingyun;
				TargetAttributes = {
					CC7390581CCF547900A61F45 = {
						CreatedOnToolsVersion = 7.3;
					};
				};
			};
			buildConfigurationList = CC7390541CCF547900A61F45 /* Build configuration list for PBXProject "07 使用Xib实现表格视图" */;
			compatibilityVersion = "Xcode 3.2";
			developmentRegion = English;
			hasScannedForEncodings = 0;
			knownRegions = (
				en,
				Base,
			);
			mainGroup = CC7390501CCF547800A61F45;
			productRefGroup = CC73905A1CCF547900A61F45 /* Products */;
			projectDirPath = "";
			projectRoot = "";
			targets = (
				CC7390581CCF547900A61F45 /* 07 使用Xib实现表格视图 */,
			);
		};
/* End PBXProject section */

/* Begin PBXResourcesBuildPhase section */
		CC7390571CCF547900A61F45 /* Resources */ = {
			isa = PBXResourcesBuildPhase;
			buildActionMask = 2147483647;
			files = (
				CC7390671CCF547900A61F45 /* LaunchScreen.storyboard in Resources */,
				CC7390641CCF547900A61F45 /* Assets.xcassets in Resources */,
				CC7390711CCF54AC00A61F45 /* RootViewController.xib in Resources */,
				CC7390621CCF547900A61F45 /* Main.storyboard in Resources */,
			);
			runOnlyForDeploymentPostprocessing = 0;
		};
/* End PBXResourcesBuildPhase section */

/* Begin PBXSourcesBuildPhase section */
		CC7390551CCF547900A61F45 /* Sources */ = {
			isa = PBXSourcesBuildPhase;
			buildActionMask = 2147483647;
			files = (
				CC73905F1CCF547900A61F45 /* ViewController.swift in Sources */,
				CC73905D1CCF547900A61F45 /* AppDelegate.swift in Sources */,
				CC7390701CCF54AC00A61F45 /* RootViewController.swift in Sources */,
			);
			runOnlyForDeploymentPostprocessing = 0;
		};
/* End PBXSourcesBuildPhase section */

/* Begin PBXVariantGroup section */
		CC7390601CCF547900A61F45 /* Main.storyboard */ = {
			isa = PBXVariantGroup;
			children = (
				CC7390611CCF547900A61F45 /* Base */,
			);
			name = Main.storyboard;
			sourceTree = "<group>";
		};
		CC7390651CCF547900A61F45 /* LaunchScreen.storyboard */ = {
			isa = PBXVariantGroup;
			children = (
				CC7390661CCF547900A61F45 /* Base */,
			);
			name = LaunchScreen.storyboard;
			sourceTree = "<group>";
		};
/* End PBXVariantGroup section */

/* Begin XCBuildConfiguration section */
		CC7390691CCF547900A61F45 /* Debug */ = {
			isa = XCBuildConfiguration;
			buildSettings = {
				ALWAYS_SEARCH_USER_PATHS = NO;
				CLANG_ANALYZER_NONNULL = YES;
				CLANG_CXX_LANGUAGE_STANDARD = "gnu++0x";
				CLANG_CXX_LIBRARY = "libc++";
				CLANG_ENABLE_MODULES = YES;
				CLANG_ENABLE_OBJC_ARC = YES;
				CLANG_WARN_BOOL_CONVERSION = YES;
				CLANG_WARN_CONSTANT_CONVERSION = YES;
				CLANG_WARN_DIRECT_OBJC_ISA_USAGE = YES_ERROR;
				CLANG_WARN_EMPTY_BODY = YES;
				CLANG_WARN_ENUM_CONVERSION = YES;
				CLANG_WARN_INT_CONVERSION = YES;
				CLANG_WARN_OBJC_ROOT_CLASS = YES_ERROR;
				CLANG_WARN_UNREACHABLE_CODE = YES;
				CLANG_WARN__DUPLICATE_METHOD_MATCH = YES;
				"CODE_SIGN_IDENTITY[sdk=iphoneos*]" = "iPhone Developer";
				COPY_PHASE_STRIP = NO;
				DEBUG_INFORMATION_FORMAT = dwarf;
				ENABLE_STRICT_OBJC_MSGSEND = YES;
				ENABLE_TESTABILITY = YES;
				GCC_C_LANGUAGE_STANDARD = gnu99;
				GCC_DYNAMIC_NO_PIC = NO;
				GCC_NO_COMMON_BLOCKS = YES;
				GCC_OPTIMIZATION_LEVEL = 0;
				GCC_PREPROCESSOR_DEFINITIONS = (
					"DEBUG=1",
					"$(inherited)",
				);
				GCC_WARN_64_TO_32_BIT_CONVERSION = YES;
				GCC_WARN_ABOUT_RETURN_TYPE = YES_ERROR;
				GCC_WARN_UNDECLARED_SELECTOR = YES;
				GCC_WARN_UNINITIALIZED_AUTOS = YES_AGGRESSIVE;
				GCC_WARN_UNUSED_FUNCTION = YES;
				GCC_WARN_UNUSED_VARIABLE = YES;
				IPHONEOS_DEPLOYMENT_TARGET = 9.3;
				MTL_ENABLE_DEBUG_INFO = YES;
				ONLY_ACTIVE_ARCH = YES;
				SDKROOT = iphoneos;
				SWIFT_OPTIMIZATION_LEVEL = "-Onone";
			};
			name = Debug;
		};
		CC73906A1CCF547900A61F45 /* Release */ = {
			isa = XCBuildConfiguration;
			buildSettings = {
				ALWAYS_SEARCH_USER_PATHS = NO;
				CLANG_ANALYZER_NONNULL = YES;
				CLANG_CXX_LANGUAGE_STANDARD = "gnu++0x";
				CLANG_CXX_LIBRARY = "libc++";
				CLANG_ENABLE_MODULES = YES;
				CLANG_ENABLE_OBJC_ARC = YES;
				CLANG_WARN_BOOL_CONVERSION = YES;
				CLANG_WARN_CONSTANT_CONVERSION = YES;
				CLANG_WARN_DIRECT_OBJC_ISA_USAGE = YES_ERROR;
				CLANG_WARN_EMPTY_BODY = YES;
				CLANG_WARN_ENUM_CONVERSION = YES;
				CLANG_WARN_INT_CONVERSION = YES;
				CLANG_WARN_OBJC_ROOT_CLASS = YES_ERROR;
				CLANG_WARN_UNREACHABLE_CODE = YES;
				CLANG_WARN__DUPLICATE_METHOD_MATCH = YES;
				"CODE_SIGN_IDENTITY[sdk=iphoneos*]" = "iPhone Developer";
				COPY_PHASE_STRIP = NO;
				DEBUG_INFORMATION_FORMAT = "dwarf-with-dsym";
				ENABLE_NS_ASSERTIONS = NO;
				ENABLE_STRICT_OBJC_MSGSEND = YES;
				GCC_C_LANGUAGE_STANDARD = gnu99;
				GCC_NO_COMMON_BLOCKS = YES;
				GCC_WARN_64_TO_32_BIT_CONVERSION = YES;
				GCC_WARN_ABOUT_RETURN_TYPE = YES_ERROR;
				GCC_WARN_UNDECLARED_SELECTOR = YES;
				GCC_WARN_UNINITIALIZED_AUTOS = YES_AGGRESSIVE;
				GCC_WARN_UNUSED_FUNCTION = YES;
				GCC_WARN_UNUSED_VARIABLE = YES;
				IPHONEOS_DEPLOYMENT_TARGET = 9.3;
				MTL_ENABLE_DEBUG_INFO = NO;
				SDKROOT = iphoneos;
				VALIDATE_PRODUCT = YES;
			};
			name = Release;
		};
		CC73906C1CCF547900A61F45 /* Debug */ = {
			isa = XCBuildConfiguration;
			buildSettings = {
				ASSETCATALOG_COMPILER_APPICON_NAME = AppIcon;
				INFOPLIST_FILE = "07 使用Xib实现表格视图/Info.plist";
				LD_RUNPATH_SEARCH_PATHS = "$(inherited) @executable_path/Frameworks";
				PRODUCT_BUNDLE_IDENTIFIER = "com.hnqingyun.-7---Xib------";
				PRODUCT_NAME = "$(TARGET_NAME)";
			};
			name = Debug;
		};
		CC73906D1CCF547900A61F45 /* Release */ = {
			isa = XCBuildConfiguration;
			buildSettings = {
				ASSETCATALOG_COMPILER_APPICON_NAME = AppIcon;
				INFOPLIST_FILE = "07 使用Xib实现表格视图/Info.plist";
				LD_RUNPATH_SEARCH_PATHS = "$(inherited) @executable_path/Frameworks";
				PRODUCT_BUNDLE_IDENTIFIER = "com.hnqingyun.-7---Xib------";
				PRODUCT_NAME = "$(TARGET_NAME)";
			};
			name = Release;
		};
/* End XCBuildConfiguration section */

/* Begin XCConfigurationList section */
		CC7390541CCF547900A61F45 /* Build configuration list for PBXProject "07 使用Xib实现表格视图" */ = {
			isa = XCConfigurationList;
			buildConfigurations = (
				CC7390691CCF547900A61F45 /* Debug */,
				CC73906A1CCF547900A61F45 /* Release */,
			);
			defaultConfigurationIsVisible = 0;
			defaultConfigurationName = Release;
		};
		CC73906B1CCF547900A61F45 /* Build configuration list for PBXNativeTarget "07 使用Xib实现表格视图" */ = {
			isa = XCConfigurationList;
			buildConfigurations = (
				CC73906C1CCF547900A61F45 /* Debug */,
				CC73906D1CCF547900A61F45 /* Release */,
			);
			defaultConfigurationIsVisible = 0;
		};
/* End XCConfigurationList section */
	};
	rootObject = CC7390511CCF547900A61F45 /* Project object */;
}
